<?xml version="1.0" encoding="utf-8"?>
<Project ToolsVersion="4.0" xmlns="http://schemas.microsoft.com/developer/msbuild/2003">
  <ItemGroup>
    <Filter Include="00.Default">
      <UniqueIdentifier>{e86f9b39-253e-4883-989c-7be970e5fdb8}</UniqueIdentifier>
    </Filter>
    <Filter Include="01.Define">
      <UniqueIdentifier>{6fb1720a-b832-4938-b66c-594e71a5007e}</UniqueIdentifier>
    </Filter>
    <Filter Include="02.MainApp">
      <UniqueIdentifier>{dbe246f0-f98b-413b-ab2a-89ebb8eecbac}</UniqueIdentifier>
    </Filter>
    <Filter Include="03.Scene">
      <UniqueIdentifier>{9754532e-3905-4ac8-bc0c-7b2e0c646e76}</UniqueIdentifier>
    </Filter>
    <Filter Include="03.Scene\LoadingScene">
      <UniqueIdentifier>{7d5d7266-5bcf-44b9-b968-97180548c766}</UniqueIdentifier>
    </Filter>
    <Filter Include="03.Scene\LogoScene">
      <UniqueIdentifier>{2c925693-384e-419c-82d0-032fff238dbe}</UniqueIdentifier>
    </Filter>
    <Filter Include="03.Scene\GamePlayScene">
      <UniqueIdentifier>{ecb31d66-b250-4b86-88fe-fc8ece6aa811}</UniqueIdentifier>
    </Filter>
    <Filter Include="04.Object">
      <UniqueIdentifier>{a8419f21-91ec-4652-9f04-1716c056b154}</UniqueIdentifier>
    </Filter>
    <Filter Include="04.Object\Background">
      <UniqueIdentifier>{af2bca54-0abf-4f7d-8201-63b6c24c1d45}</UniqueIdentifier>
    </Filter>
  </ItemGroup>
  <ItemGroup>
    <ClInclude Include="Client.h">
      <Filter>00.Default</Filter>
    </ClInclude>
    <ClInclude Include="framework.h">
      <Filter>00.Default</Filter>
    </ClInclude>
    <ClInclude Include="Resource.h">
      <Filter>00.Default</Filter>
    </ClInclude>
    <ClInclude Include="targetver.h">
      <Filter>00.Default</Filter>
    </ClInclude>
    <ClInclude Include="Client_Defines.h">
      <Filter>01.Define</Filter>
    </ClInclude>
  </ItemGroup>
  <ItemGroup>
    <Image Include="Client.ico">
      <Filter>00.Default</Filter>
    </Image>
    <Image Include="small.ico">
      <Filter>00.Default</Filter>
    </Image>
  </ItemGroup>
  <ItemGroup>
    <ResourceCompile Include="Client.rc">
      <Filter>00.Default</Filter>
    </ResourceCompile>
  </ItemGroup>
  <ItemGroup>
    <ClCompile Include="Client.cpp">
      <Filter>00.Default</Filter>
    </ClCompile>
  </ItemGroup>
</Project>