<?xml version="1.0" encoding="utf-8"?>
<Project ToolsVersion="4.0" xmlns="http://schemas.microsoft.com/developer/msbuild/2003">
  <ItemGroup>
    <Filter Include="00.Default">
      <UniqueIdentifier>{67DA6AB6-F800-4c08-8B7A-83BB121AAD01}</UniqueIdentifier>
      <Extensions>rc;ico;cur;bmp;dlg;rc2;rct;bin;rgs;gif;jpg;jpeg;jpe;resx;tiff;tif;png;wav;mfcribbon-ms</Extensions>
    </Filter>
    <Filter Include="01.Define">
      <UniqueIdentifier>{4c116804-30c7-48fb-a40b-af8d9203ba62}</UniqueIdentifier>
    </Filter>
    <Filter Include="02.MainApp">
      <UniqueIdentifier>{77deeb21-f0ad-47be-ad7f-fcd838180c1e}</UniqueIdentifier>
    </Filter>
    <Filter Include="03.Scene">
      <UniqueIdentifier>{b7b800d0-d88b-45e1-84b1-66a891921eb4}</UniqueIdentifier>
    </Filter>
    <Filter Include="04.Object">
      <UniqueIdentifier>{2a89a709-af37-43c7-a90f-3ea9f2cee895}</UniqueIdentifier>
    </Filter>
    <Filter Include="03.Scene\ModelScene">
      <UniqueIdentifier>{c3caa56a-7aa5-41cb-8a79-42ca5dbca52e}</UniqueIdentifier>
    </Filter>
    <Filter Include="03.Scene\MapScene">
      <UniqueIdentifier>{3bdb70e5-42aa-4ccf-97cf-b96ca36e9914}</UniqueIdentifier>
    </Filter>
    <Filter Include="05.Panel">
      <UniqueIdentifier>{9d4179a8-33a9-4a8b-90bb-5e1f1381971d}</UniqueIdentifier>
    </Filter>
    <Filter Include="05.Panel\Model">
      <UniqueIdentifier>{bad110ee-17cf-46c7-89de-26c261d26295}</UniqueIdentifier>
    </Filter>
    <Filter Include="05.Panel\Map">
      <UniqueIdentifier>{6801a911-a092-465f-b48d-ee5854641a8a}</UniqueIdentifier>
    </Filter>
    <Filter Include="IMGUI">
      <UniqueIdentifier>{5679d548-5601-4123-bf66-15d0d1ebdad2}</UniqueIdentifier>
    </Filter>
    <Filter Include="04.Object\TestObejct">
      <UniqueIdentifier>{63791c36-9cf6-4ad9-b378-b7e6c3109fc4}</UniqueIdentifier>
    </Filter>
    <Filter Include="IEHelper">
      <UniqueIdentifier>{2e6360ce-82b9-43b3-a240-2bb54f0fbd90}</UniqueIdentifier>
    </Filter>
    <Filter Include="04.Object\FreeCam">
      <UniqueIdentifier>{ccd7546d-49db-4a62-a89f-fcb78fe01c95}</UniqueIdentifier>
    </Filter>
    <Filter Include="04.Object\TestTerrain">
      <UniqueIdentifier>{f884b8b4-46ab-47a0-a404-f92dc6cd3653}</UniqueIdentifier>
    </Filter>
    <Filter Include="04.Object\FieldObject">
      <UniqueIdentifier>{3ca63d7f-d8c5-49b5-bb2a-fdc9d0cbb5c9}</UniqueIdentifier>
    </Filter>
  </ItemGroup>
  <ItemGroup>
    <ClInclude Include="framework.h">
      <Filter>00.Default</Filter>
    </ClInclude>
    <ClInclude Include="Resource.h">
      <Filter>00.Default</Filter>
    </ClInclude>
    <ClInclude Include="targetver.h">
      <Filter>00.Default</Filter>
    </ClInclude>
    <ClInclude Include="Tool.h">
      <Filter>00.Default</Filter>
    </ClInclude>
    <ClInclude Include="..\public\ToolApp.h">
      <Filter>02.MainApp</Filter>
    </ClInclude>
    <ClInclude Include="..\public\Tool_Defines.h">
      <Filter>01.Define</Filter>
    </ClInclude>
    <ClInclude Include="..\public\ModelScene.h">
      <Filter>03.Scene\ModelScene</Filter>
    </ClInclude>
    <ClInclude Include="..\public\MapScene.h">
      <Filter>03.Scene\MapScene</Filter>
    </ClInclude>
    <ClInclude Include="..\public\ModelPanel.h">
      <Filter>05.Panel\Model</Filter>
    </ClInclude>
    <ClInclude Include="..\public\MapPanel.h">
      <Filter>05.Panel\Map</Filter>
    </ClInclude>
    <ClInclude Include="..\public\IEHelper.h">
      <Filter>IEHelper</Filter>
    </ClInclude>
    <ClInclude Include="..\public\TestObject.h">
      <Filter>04.Object\TestObejct</Filter>
    </ClInclude>
    <ClInclude Include="..\public\FreeCam.h">
      <Filter>04.Object\FreeCam</Filter>
    </ClInclude>
    <ClInclude Include="..\public\TestTerrain.h">
      <Filter>04.Object\TestTerrain</Filter>
    </ClInclude>
    <ClInclude Include="..\public\FieldObject.h">
      <Filter>04.Object\FieldObject</Filter>
    </ClInclude>
  </ItemGroup>
  <ItemGroup>
    <ResourceCompile Include="Tool.rc">
      <Filter>00.Default</Filter>
    </ResourceCompile>
  </ItemGroup>
  <ItemGroup>
    <Image Include="small.ico">
      <Filter>00.Default</Filter>
    </Image>
    <Image Include="Tool.ico">
      <Filter>00.Default</Filter>
    </Image>
  </ItemGroup>
  <ItemGroup>
    <ClCompile Include="Tool.cpp">
      <Filter>00.Default</Filter>
    </ClCompile>
    <ClCompile Include="..\private\ToolApp.cpp">
      <Filter>02.MainApp</Filter>
    </ClCompile>
    <ClCompile Include="..\private\ModelScene.cpp">
      <Filter>03.Scene\ModelScene</Filter>
    </ClCompile>
    <ClCompile Include="..\private\MapScene.cpp">
      <Filter>03.Scene\MapScene</Filter>
    </ClCompile>
    <ClCompile Include="..\private\ModelPanel.cpp">
      <Filter>05.Panel\Model</Filter>
    </ClCompile>
    <ClCompile Include="..\private\MapPanel.cpp">
      <Filter>05.Panel\Map</Filter>
    </ClCompile>
    <ClCompile Include="..\..\EngineSDK\Inc\IMGUI\imgui.cpp">
      <Filter>IMGUI</Filter>
    </ClCompile>
    <ClCompile Include="..\..\EngineSDK\Inc\IMGUI\imgui_demo.cpp">
      <Filter>IMGUI</Filter>
    </ClCompile>
    <ClCompile Include="..\..\EngineSDK\Inc\IMGUI\imgui_draw.cpp">
      <Filter>IMGUI</Filter>
    </ClCompile>
    <ClCompile Include="..\..\EngineSDK\Inc\IMGUI\imgui_tables.cpp">
      <Filter>IMGUI</Filter>
    </ClCompile>
    <ClCompile Include="..\..\EngineSDK\Inc\IMGUI\imgui_widgets.cpp">
      <Filter>IMGUI</Filter>
    </ClCompile>
    <ClCompile Include="..\..\EngineSDK\Inc\IMGUI\backends\imgui_impl_dx11.cpp">
      <Filter>IMGUI</Filter>
    </ClCompile>
    <ClCompile Include="..\..\EngineSDK\Inc\IMGUI\backends\imgui_impl_win32.cpp">
      <Filter>IMGUI</Filter>
    </ClCompile>
    <ClCompile Include="..\private\IEHelper.cpp">
      <Filter>IEHelper</Filter>
    </ClCompile>
    <ClCompile Include="..\private\TestObject.cpp">
      <Filter>04.Object\TestObejct</Filter>
    </ClCompile>
    <ClCompile Include="..\private\FreeCam.cpp">
      <Filter>04.Object\FreeCam</Filter>
    </ClCompile>
    <ClCompile Include="..\private\TestTerrain.cpp">
      <Filter>04.Object\TestTerrain</Filter>
    </ClCompile>
    <ClCompile Include="..\private\FieldObject.cpp">
      <Filter>04.Object\FieldObject</Filter>
    </ClCompile>
  </ItemGroup>
</Project>