<?xml version="1.0" encoding="utf-8"?>
<Project ToolsVersion="4.0" xmlns="http://schemas.microsoft.com/developer/msbuild/2003">
  <ItemGroup>
    <Filter Include="00.Default">
      <UniqueIdentifier>{e86f9b39-253e-4883-989c-7be970e5fdb8}</UniqueIdentifier>
    </Filter>
    <Filter Include="01.Define">
      <UniqueIdentifier>{6fb1720a-b832-4938-b66c-594e71a5007e}</UniqueIdentifier>
    </Filter>
    <Filter Include="02.MainApp">
      <UniqueIdentifier>{dbe246f0-f98b-413b-ab2a-89ebb8eecbac}</UniqueIdentifier>
    </Filter>
    <Filter Include="04.Scene">
      <UniqueIdentifier>{9754532e-3905-4ac8-bc0c-7b2e0c646e76}</UniqueIdentifier>
    </Filter>
    <Filter Include="04.Scene\LoadingScene">
      <UniqueIdentifier>{7d5d7266-5bcf-44b9-b968-97180548c766}</UniqueIdentifier>
    </Filter>
    <Filter Include="04.Scene\LogoScene">
      <UniqueIdentifier>{2c925693-384e-419c-82d0-032fff238dbe}</UniqueIdentifier>
    </Filter>
    <Filter Include="03.Loader">
      <UniqueIdentifier>{9d1aab35-024d-4aa1-b40a-79604ed04cd7}</UniqueIdentifier>
    </Filter>
    <Filter Include="04.Scene\GameScene">
      <UniqueIdentifier>{ecb31d66-b250-4b86-88fe-fc8ece6aa811}</UniqueIdentifier>
    </Filter>
    <Filter Include="06.Object">
      <UniqueIdentifier>{a8419f21-91ec-4652-9f04-1716c056b154}</UniqueIdentifier>
    </Filter>
    <Filter Include="06.Object\Background">
      <UniqueIdentifier>{af2bca54-0abf-4f7d-8201-63b6c24c1d45}</UniqueIdentifier>
    </Filter>
    <Filter Include="06.Object\Ground">
      <UniqueIdentifier>{ac48fd65-0440-487b-8db1-ff2a7650d3ff}</UniqueIdentifier>
    </Filter>
    <Filter Include="06.Object\Sky">
      <UniqueIdentifier>{e45059da-b801-48f6-808c-3a0205eb79de}</UniqueIdentifier>
    </Filter>
    <Filter Include="06.Object\FreeCam">
      <UniqueIdentifier>{83ab0ef4-b24f-4dfc-b9ea-8257bb3125ac}</UniqueIdentifier>
    </Filter>
    <Filter Include="05.Template">
      <UniqueIdentifier>{83e437bf-e29c-46ca-a5ea-d17fd553c034}</UniqueIdentifier>
    </Filter>
    <Filter Include="05.Template\ObjectTemplate">
      <UniqueIdentifier>{55743b4d-5ee0-4ff6-9aa6-ea68f0656540}</UniqueIdentifier>
    </Filter>
    <Filter Include="05.Template\PartTemplate">
      <UniqueIdentifier>{d0ed1676-492a-4cc9-947b-0c56b451bb30}</UniqueIdentifier>
    </Filter>
    <Filter Include="05.Template\ContainerTemplate">
      <UniqueIdentifier>{2d1dfebb-f54b-4bea-86bf-7633bed8400f}</UniqueIdentifier>
    </Filter>
    <Filter Include="06.Object\CarBody">
      <UniqueIdentifier>{aeecff56-9488-4c24-856a-a9642a51af27}</UniqueIdentifier>
    </Filter>
    <Filter Include="06.Object\CarWheel">
      <UniqueIdentifier>{fdb6c793-2fed-4fb4-bef7-5d7f27799254}</UniqueIdentifier>
    </Filter>
    <Filter Include="06.Object\Plant">
      <UniqueIdentifier>{c6447b1c-ea70-42b6-8725-4b0e72542c46}</UniqueIdentifier>
    </Filter>
    <Filter Include="06.Object\TreeHead">
      <UniqueIdentifier>{1ff17b27-03bc-4311-9f6b-0e4ccca5c4a9}</UniqueIdentifier>
    </Filter>
    <Filter Include="06.Object\CarTrunk">
      <UniqueIdentifier>{32147355-c9a0-4d9b-8834-32ab2f663c82}</UniqueIdentifier>
    </Filter>
    <Filter Include="06.Object\CarTopStuff">
      <UniqueIdentifier>{046b87ea-e468-4b92-a5e2-85d2b0e868fe}</UniqueIdentifier>
    </Filter>
    <Filter Include="06.Object\CarTrunkHandle">
      <UniqueIdentifier>{8742e8ad-7aa3-4b71-83ec-95fa8df9ecee}</UniqueIdentifier>
    </Filter>
    <Filter Include="06.Object\HouseDoor">
      <UniqueIdentifier>{66b8096d-31e9-4099-a2f8-ccde3d2fa509}</UniqueIdentifier>
    </Filter>
    <Filter Include="06.Object\HouseDoorHandle">
      <UniqueIdentifier>{76a1bd5b-815e-4be0-bd5e-81639f5994ba}</UniqueIdentifier>
    </Filter>
    <Filter Include="06.Object\WoodenFence">
      <UniqueIdentifier>{6d9dd065-c98e-4aea-ae3c-935ca0bd16f2}</UniqueIdentifier>
    </Filter>
    <Filter Include="06.Object\CageCamera">
      <UniqueIdentifier>{a925b6c2-ac1e-4dd5-8fea-1c5681ec6dc6}</UniqueIdentifier>
    </Filter>
    <Filter Include="05.Template\UITemplate">
      <UniqueIdentifier>{3777f9ff-04f3-4f9d-a73d-99a1a744a632}</UniqueIdentifier>
    </Filter>
    <Filter Include="06.Object\UIStart">
      <UniqueIdentifier>{c837856f-53b9-4605-9f04-7b5adf1dc293}</UniqueIdentifier>
    </Filter>
    <Filter Include="06.Object\FixedCam">
      <UniqueIdentifier>{b583cca0-d59a-47fe-a173-64cd5bc3705c}</UniqueIdentifier>
    </Filter>
  </ItemGroup>
  <ItemGroup>
    <ClInclude Include="Client.h">
      <Filter>00.Default</Filter>
    </ClInclude>
    <ClInclude Include="framework.h">
      <Filter>00.Default</Filter>
    </ClInclude>
    <ClInclude Include="Resource.h">
      <Filter>00.Default</Filter>
    </ClInclude>
    <ClInclude Include="targetver.h">
      <Filter>00.Default</Filter>
    </ClInclude>
    <ClInclude Include="..\public\ClientApp.h">
      <Filter>02.MainApp</Filter>
    </ClInclude>
    <ClInclude Include="..\public\Client_Defines.h">
      <Filter>01.Define</Filter>
    </ClInclude>
    <ClInclude Include="..\public\LoadingScene.h">
      <Filter>04.Scene\LoadingScene</Filter>
    </ClInclude>
    <ClInclude Include="..\public\Loader.h">
      <Filter>03.Loader</Filter>
    </ClInclude>
    <ClInclude Include="..\public\LogoScene.h">
      <Filter>04.Scene\LogoScene</Filter>
    </ClInclude>
    <ClInclude Include="..\public\GameScene.h">
      <Filter>04.Scene\GameScene</Filter>
    </ClInclude>
    <ClInclude Include="..\public\FreeCam.h">
      <Filter>06.Object\FreeCam</Filter>
    </ClInclude>
    <ClInclude Include="..\public\Background.h">
      <Filter>06.Object\Background</Filter>
    </ClInclude>
    <ClInclude Include="..\public\Ground.h">
      <Filter>06.Object\Ground</Filter>
    </ClInclude>
    <ClInclude Include="..\public\Sky.h">
      <Filter>06.Object\Sky</Filter>
    </ClInclude>
    <ClInclude Include="..\public\ObjectTemplate.h">
      <Filter>05.Template\ObjectTemplate</Filter>
    </ClInclude>
    <ClInclude Include="..\public\PartTemplate.h">
      <Filter>05.Template\PartTemplate</Filter>
    </ClInclude>
    <ClInclude Include="..\public\ContainerTemplate.h">
      <Filter>05.Template\ContainerTemplate</Filter>
    </ClInclude>
    <ClInclude Include="..\public\CarBody.h">
      <Filter>06.Object\CarBody</Filter>
    </ClInclude>
    <ClInclude Include="..\public\CarWheel.h">
      <Filter>06.Object\CarWheel</Filter>
    </ClInclude>
    <ClInclude Include="..\public\TreeHead.h">
      <Filter>06.Object\TreeHead</Filter>
    </ClInclude>
    <ClInclude Include="..\public\Plant.h">
      <Filter>06.Object\Plant</Filter>
    </ClInclude>
    <ClInclude Include="..\public\CarTrunk.h">
      <Filter>06.Object\CarTrunk</Filter>
    </ClInclude>
    <ClInclude Include="..\public\CarTopStuff.h">
      <Filter>06.Object\CarTopStuff</Filter>
    </ClInclude>
    <ClInclude Include="..\public\CarTrunkHandle.h">
      <Filter>06.Object\CarTrunkHandle</Filter>
    </ClInclude>
    <ClInclude Include="..\public\HouseDoor.h">
      <Filter>06.Object\HouseDoor</Filter>
    </ClInclude>
    <ClInclude Include="..\public\HouseDoorHandle.h">
      <Filter>06.Object\HouseDoorHandle</Filter>
    </ClInclude>
    <ClInclude Include="..\public\WoodenFence.h">
      <Filter>06.Object\WoodenFence</Filter>
    </ClInclude>
    <ClInclude Include="..\public\CageCamera.h">
      <Filter>06.Object\CageCamera</Filter>
    </ClInclude>
    <ClInclude Include="..\public\UITemplate.h">
      <Filter>05.Template\UITemplate</Filter>
    </ClInclude>
    <ClInclude Include="..\public\UIStart.h">
      <Filter>06.Object\UIStart</Filter>
    </ClInclude>
    <ClInclude Include="..\public\FixedCam.h">
      <Filter>06.Object\FixedCam</Filter>
    </ClInclude>
  </ItemGroup>
  <ItemGroup>
    <Image Include="Client.ico">
      <Filter>00.Default</Filter>
    </Image>
    <Image Include="small.ico">
      <Filter>00.Default</Filter>
    </Image>
  </ItemGroup>
  <ItemGroup>
    <ResourceCompile Include="Client.rc">
      <Filter>00.Default</Filter>
    </ResourceCompile>
  </ItemGroup>
  <ItemGroup>
    <ClCompile Include="Client.cpp">
      <Filter>00.Default</Filter>
    </ClCompile>
    <ClCompile Include="..\private\ClientApp.cpp">
      <Filter>02.MainApp</Filter>
    </ClCompile>
    <ClCompile Include="..\private\LoadingScene.cpp">
      <Filter>04.Scene\LoadingScene</Filter>
    </ClCompile>
    <ClCompile Include="..\private\Loader.cpp">
      <Filter>03.Loader</Filter>
    </ClCompile>
    <ClCompile Include="..\private\LogoScene.cpp">
      <Filter>04.Scene\LogoScene</Filter>
    </ClCompile>
    <ClCompile Include="..\private\GameScene.cpp">
      <Filter>04.Scene\GameScene</Filter>
    </ClCompile>
    <ClCompile Include="..\private\FreeCam.cpp">
      <Filter>06.Object\FreeCam</Filter>
    </ClCompile>
    <ClCompile Include="..\private\Background.cpp">
      <Filter>06.Object\Background</Filter>
    </ClCompile>
    <ClCompile Include="..\private\Ground.cpp">
      <Filter>06.Object\Ground</Filter>
    </ClCompile>
    <ClCompile Include="..\private\Sky.cpp">
      <Filter>06.Object\Sky</Filter>
    </ClCompile>
    <ClCompile Include="..\private\ObjectTemplate.cpp">
      <Filter>05.Template\ObjectTemplate</Filter>
    </ClCompile>
    <ClCompile Include="..\private\ContainerTemplate.cpp">
      <Filter>05.Template\ContainerTemplate</Filter>
    </ClCompile>
    <ClCompile Include="..\private\PartTemplate.cpp">
      <Filter>05.Template\PartTemplate</Filter>
    </ClCompile>
    <ClCompile Include="..\private\CarBody.cpp">
      <Filter>06.Object\CarBody</Filter>
    </ClCompile>
    <ClCompile Include="..\private\CarWheel.cpp">
      <Filter>06.Object\CarWheel</Filter>
    </ClCompile>
    <ClCompile Include="..\private\TreeHead.cpp">
      <Filter>06.Object\TreeHead</Filter>
    </ClCompile>
    <ClCompile Include="..\private\Plant.cpp">
      <Filter>06.Object\Plant</Filter>
    </ClCompile>
    <ClCompile Include="..\private\CarTrunk.cpp">
      <Filter>06.Object\CarTrunk</Filter>
    </ClCompile>
    <ClCompile Include="..\private\CarTopStuff.cpp">
      <Filter>06.Object\CarTopStuff</Filter>
    </ClCompile>
    <ClCompile Include="..\private\CarTrunkHandle.cpp">
      <Filter>06.Object\CarTrunkHandle</Filter>
    </ClCompile>
    <ClCompile Include="..\private\HouseDoor.cpp">
      <Filter>06.Object\HouseDoor</Filter>
    </ClCompile>
    <ClCompile Include="..\private\HouseDoorHandle.cpp">
      <Filter>06.Object\HouseDoorHandle</Filter>
    </ClCompile>
    <ClCompile Include="..\private\WoodenFence.cpp">
      <Filter>06.Object\WoodenFence</Filter>
    </ClCompile>
    <ClCompile Include="..\private\CageCamera.cpp">
      <Filter>06.Object\CageCamera</Filter>
    </ClCompile>
    <ClCompile Include="..\private\UITemplate.cpp">
      <Filter>05.Template\UITemplate</Filter>
    </ClCompile>
    <ClCompile Include="..\private\UIStart.cpp">
      <Filter>06.Object\UIStart</Filter>
    </ClCompile>
    <ClCompile Include="..\private\FixedCam.cpp">
      <Filter>06.Object\FixedCam</Filter>
    </ClCompile>
  </ItemGroup>
</Project>